
Microsoft Visual Studio Solution File, Format Version 12.00
Project("{2150E333-8FDC-42A3-9474-1A3956D46DE8}") = "Infrastructure", "Infrastructure", "{73A517B7-55C9-4055-9F6A-1A70754B55C3}"
EndProject
Project("{2150E333-8FDC-42A3-9474-1A3956D46DE8}") = "ApiGateways", "ApiGateways", "{89805F71-BDDF-4214-811A-1E24FBD68304}"
EndProject
Project("{FAE04EC0-301F-11D3-BF4B-00C04F79EFBC}") = "Ocelot.ApiGateway", "ApiGateways\Ocelot.ApiGateway\Ocelot.ApiGateway.csproj", "{EC34FCDA-8812-4DE8-A763-124BA3CA8653}"
EndProject
Project("{FAE04EC0-301F-11D3-BF4B-00C04F79EFBC}") = "Common.Logging", "Infrastructure\Common.Logging\Common.Logging.csproj", "{C4F6A7C4-99E4-4EEB-BC72-1F9CB3ADC2BA}"
EndProject
Project("{FAE04EC0-301F-11D3-BF4B-00C04F79EFBC}") = "EventBus", "Infrastructure\EventBus\EventBus.csproj", "{4889CEC8-5565-4607-9C79-ECCA6F3E75EF}"
EndProject
Project("{2150E333-8FDC-42A3-9474-1A3956D46DE8}") = "Services", "Services", "{6F9028A8-9B66-4E11-A138-4E949B57ADED}"
EndProject
Project("{2150E333-8FDC-42A3-9474-1A3956D46DE8}") = "Discount", "Discount", "{77EAF7E5-B7B8-4906-9732-AB8551C0E0A2}"
EndProject
Project("{2150E333-8FDC-42A3-9474-1A3956D46DE8}") = "Ordering", "Ordering", "{363365B0-7AED-4096-AF88-252106AD21E1}"
EndProject
Project("{2150E333-8FDC-42A3-9474-1A3956D46DE8}") = "Catalog", "Catalog", "{75E11E20-E434-4C98-8F98-00469E387C81}"
EndProject
Project("{FAE04EC0-301F-11D3-BF4B-00C04F79EFBC}") = "Catalog.API", "Services\Catalog\Catalog.API\Catalog.API.csproj", "{8E9AB19B-1709-44EF-A194-5ACCFAA50813}"
EndProject
Project("{FAE04EC0-301F-11D3-BF4B-00C04F79EFBC}") = "Catalog.Application", "Services\Catalog\Catalog.Application\Catalog.Application.csproj", "{51E08514-A97D-4312-9C82-DB12A1E8A794}"
EndProject
Project("{FAE04EC0-301F-11D3-BF4B-00C04F79EFBC}") = "Catalog.Core", "Services\Catalog\Catalog.Core\Catalog.Core.csproj", "{77A4F9D6-1402-420E-98D7-2D1E6C843A42}"
EndProject
Project("{FAE04EC0-301F-11D3-BF4B-00C04F79EFBC}") = "Catalog.Infrastructure", "Services\Catalog\Catalog.Infrastructure\Catalog.Infrastructure.csproj", "{980D8A90-35FE-44AA-A274-AC39BE3E2807}"
EndProject
Project("{2150E333-8FDC-42A3-9474-1A3956D46DE8}") = "Basket", "Basket", "{AEA47FE2-93D6-4A76-B662-614E391F8258}"
EndProject
Project("{FAE04EC0-301F-11D3-BF4B-00C04F79EFBC}") = "Basket.Core", "Services\Basket\Basket.Core\Basket.Core.csproj", "{6EBC14EC-498A-4B92-A8CB-7C7A4106D105}"
EndProject
Project("{FAE04EC0-301F-11D3-BF4B-00C04F79EFBC}") = "Basket.Application", "Services\Basket\Basket.Application\Basket.Application.csproj", "{4F682324-6CF0-4047-9DB0-C03781F091D2}"
EndProject
Project("{FAE04EC0-301F-11D3-BF4B-00C04F79EFBC}") = "Basket.Infrastructure", "Services\Basket\Basket.Infrastructure\Basket.Infrastructure.csproj", "{BA01301B-AFAD-4B6D-8251-5D96D7E42D07}"
EndProject
Project("{FAE04EC0-301F-11D3-BF4B-00C04F79EFBC}") = "Discount.API", "Services\Discount\Discount.API\Discount.API.csproj", "{BD30936B-868D-49FD-939A-37055D86CE01}"
EndProject
Project("{FAE04EC0-301F-11D3-BF4B-00C04F79EFBC}") = "Discount.Application", "Services\Discount\Discount.Application\Discount.Application.csproj", "{2D95B6C0-676C-4713-82D9-B3E78FBF7BD3}"
EndProject
Project("{FAE04EC0-301F-11D3-BF4B-00C04F79EFBC}") = "Discount.Core", "Services\Discount\Discount.Core\Discount.Core.csproj", "{6AE63EA6-8402-41D3-BD17-2AE09947BA42}"
EndProject
Project("{FAE04EC0-301F-11D3-BF4B-00C04F79EFBC}") = "Discount.Infrastructure", "Services\Discount\Discount.Infrastructure\Discount.Infrastructure.csproj", "{811F6029-04F0-42B5-B625-74ADB7F185D9}"
EndProject
Project("{FAE04EC0-301F-11D3-BF4B-00C04F79EFBC}") = "Basket.API", "Services\Basket\Basket.API\Basket.API.csproj", "{9320B84F-E95D-48D9-BE9E-4BE32DB98199}"
EndProject
Project("{FAE04EC0-301F-11D3-BF4B-00C04F79EFBC}") = "Ordering.Application", "Services\Ordering\Ordering.Application\Ordering.Application.csproj", "{FC3F1741-4E17-4E3D-ADCC-D40D3E89F34D}"
EndProject
Project("{FAE04EC0-301F-11D3-BF4B-00C04F79EFBC}") = "Ordering.Infrastructure", "Services\Ordering\Ordering.Infrastructure\Ordering.Infrastructure.csproj", "{B0954B12-B22D-40F4-A4B1-B77EC12061FC}"
EndProject
Project("{FAE04EC0-301F-11D3-BF4B-00C04F79EFBC}") = "Ordering.Core", "Services\Ordering\Ordering.Core\Ordering.Core.csproj", "{A5DFE682-EAEB-4FFA-815D-109F2172959F}"
EndProject
Project("{FAE04EC0-301F-11D3-BF4B-00C04F79EFBC}") = "Ordering.API", "Services\Ordering\Ordering.API\Ordering.API.csproj", "{01DF46F2-F36C-47EE-9FB1-DA8C507D6A91}"
EndProject
Global
	GlobalSection(SolutionConfigurationPlatforms) = preSolution
		Debug|Any CPU = Debug|Any CPU
		Release|Any CPU = Release|Any CPU
	EndGlobalSection
	GlobalSection(ProjectConfigurationPlatforms) = postSolution
		{EC34FCDA-8812-4DE8-A763-124BA3CA8653}.Debug|Any CPU.ActiveCfg = Debug|Any CPU
		{EC34FCDA-8812-4DE8-A763-124BA3CA8653}.Debug|Any CPU.Build.0 = Debug|Any CPU
		{EC34FCDA-8812-4DE8-A763-124BA3CA8653}.Release|Any CPU.ActiveCfg = Release|Any CPU
		{EC34FCDA-8812-4DE8-A763-124BA3CA8653}.Release|Any CPU.Build.0 = Release|Any CPU
		{C4F6A7C4-99E4-4EEB-BC72-1F9CB3ADC2BA}.Debug|Any CPU.ActiveCfg = Debug|Any CPU
		{C4F6A7C4-99E4-4EEB-BC72-1F9CB3ADC2BA}.Debug|Any CPU.Build.0 = Debug|Any CPU
		{C4F6A7C4-99E4-4EEB-BC72-1F9CB3ADC2BA}.Release|Any CPU.ActiveCfg = Release|Any CPU
		{C4F6A7C4-99E4-4EEB-BC72-1F9CB3ADC2BA}.Release|Any CPU.Build.0 = Release|Any CPU
		{4889CEC8-5565-4607-9C79-ECCA6F3E75EF}.Debug|Any CPU.ActiveCfg = Debug|Any CPU
		{4889CEC8-5565-4607-9C79-ECCA6F3E75EF}.Debug|Any CPU.Build.0 = Debug|Any CPU
		{4889CEC8-5565-4607-9C79-ECCA6F3E75EF}.Release|Any CPU.ActiveCfg = Release|Any CPU
		{4889CEC8-5565-4607-9C79-ECCA6F3E75EF}.Release|Any CPU.Build.0 = Release|Any CPU
		{8E9AB19B-1709-44EF-A194-5ACCFAA50813}.Debug|Any CPU.ActiveCfg = Debug|Any CPU
		{8E9AB19B-1709-44EF-A194-5ACCFAA50813}.Debug|Any CPU.Build.0 = Debug|Any CPU
		{8E9AB19B-1709-44EF-A194-5ACCFAA50813}.Release|Any CPU.ActiveCfg = Release|Any CPU
		{8E9AB19B-1709-44EF-A194-5ACCFAA50813}.Release|Any CPU.Build.0 = Release|Any CPU
		{51E08514-A97D-4312-9C82-DB12A1E8A794}.Debug|Any CPU.ActiveCfg = Debug|Any CPU
		{51E08514-A97D-4312-9C82-DB12A1E8A794}.Debug|Any CPU.Build.0 = Debug|Any CPU
		{51E08514-A97D-4312-9C82-DB12A1E8A794}.Release|Any CPU.ActiveCfg = Release|Any CPU
		{51E08514-A97D-4312-9C82-DB12A1E8A794}.Release|Any CPU.Build.0 = Release|Any CPU
		{77A4F9D6-1402-420E-98D7-2D1E6C843A42}.Debug|Any CPU.ActiveCfg = Debug|Any CPU
		{77A4F9D6-1402-420E-98D7-2D1E6C843A42}.Debug|Any CPU.Build.0 = Debug|Any CPU
		{77A4F9D6-1402-420E-98D7-2D1E6C843A42}.Release|Any CPU.ActiveCfg = Release|Any CPU
		{77A4F9D6-1402-420E-98D7-2D1E6C843A42}.Release|Any CPU.Build.0 = Release|Any CPU
		{980D8A90-35FE-44AA-A274-AC39BE3E2807}.Debug|Any CPU.ActiveCfg = Debug|Any CPU
		{980D8A90-35FE-44AA-A274-AC39BE3E2807}.Debug|Any CPU.Build.0 = Debug|Any CPU
		{980D8A90-35FE-44AA-A274-AC39BE3E2807}.Release|Any CPU.ActiveCfg = Release|Any CPU
		{980D8A90-35FE-44AA-A274-AC39BE3E2807}.Release|Any CPU.Build.0 = Release|Any CPU
		{6EBC14EC-498A-4B92-A8CB-7C7A4106D105}.Debug|Any CPU.ActiveCfg = Debug|Any CPU
		{6EBC14EC-498A-4B92-A8CB-7C7A4106D105}.Debug|Any CPU.Build.0 = Debug|Any CPU
		{6EBC14EC-498A-4B92-A8CB-7C7A4106D105}.Release|Any CPU.ActiveCfg = Release|Any CPU
		{6EBC14EC-498A-4B92-A8CB-7C7A4106D105}.Release|Any CPU.Build.0 = Release|Any CPU
		{4F682324-6CF0-4047-9DB0-C03781F091D2}.Debug|Any CPU.ActiveCfg = Debug|Any CPU
		{4F682324-6CF0-4047-9DB0-C03781F091D2}.Debug|Any CPU.Build.0 = Debug|Any CPU
		{4F682324-6CF0-4047-9DB0-C03781F091D2}.Release|Any CPU.ActiveCfg = Release|Any CPU
		{4F682324-6CF0-4047-9DB0-C03781F091D2}.Release|Any CPU.Build.0 = Release|Any CPU
		{BA01301B-AFAD-4B6D-8251-5D96D7E42D07}.Debug|Any CPU.ActiveCfg = Debug|Any CPU
		{BA01301B-AFAD-4B6D-8251-5D96D7E42D07}.Debug|Any CPU.Build.0 = Debug|Any CPU
		{BA01301B-AFAD-4B6D-8251-5D96D7E42D07}.Release|Any CPU.ActiveCfg = Release|Any CPU
		{BA01301B-AFAD-4B6D-8251-5D96D7E42D07}.Release|Any CPU.Build.0 = Release|Any CPU
		{BD30936B-868D-49FD-939A-37055D86CE01}.Debug|Any CPU.ActiveCfg = Debug|Any CPU
		{BD30936B-868D-49FD-939A-37055D86CE01}.Debug|Any CPU.Build.0 = Debug|Any CPU
		{BD30936B-868D-49FD-939A-37055D86CE01}.Release|Any CPU.ActiveCfg = Release|Any CPU
		{BD30936B-868D-49FD-939A-37055D86CE01}.Release|Any CPU.Build.0 = Release|Any CPU
		{2D95B6C0-676C-4713-82D9-B3E78FBF7BD3}.Debug|Any CPU.ActiveCfg = Debug|Any CPU
		{2D95B6C0-676C-4713-82D9-B3E78FBF7BD3}.Debug|Any CPU.Build.0 = Debug|Any CPU
		{2D95B6C0-676C-4713-82D9-B3E78FBF7BD3}.Release|Any CPU.ActiveCfg = Release|Any CPU
		{2D95B6C0-676C-4713-82D9-B3E78FBF7BD3}.Release|Any CPU.Build.0 = Release|Any CPU
		{6AE63EA6-8402-41D3-BD17-2AE09947BA42}.Debug|Any CPU.ActiveCfg = Debug|Any CPU
		{6AE63EA6-8402-41D3-BD17-2AE09947BA42}.Debug|Any CPU.Build.0 = Debug|Any CPU
		{6AE63EA6-8402-41D3-BD17-2AE09947BA42}.Release|Any CPU.ActiveCfg = Release|Any CPU
		{6AE63EA6-8402-41D3-BD17-2AE09947BA42}.Release|Any CPU.Build.0 = Release|Any CPU
		{811F6029-04F0-42B5-B625-74ADB7F185D9}.Debug|Any CPU.ActiveCfg = Debug|Any CPU
		{811F6029-04F0-42B5-B625-74ADB7F185D9}.Debug|Any CPU.Build.0 = Debug|Any CPU
		{811F6029-04F0-42B5-B625-74ADB7F185D9}.Release|Any CPU.ActiveCfg = Release|Any CPU
		{811F6029-04F0-42B5-B625-74ADB7F185D9}.Release|Any CPU.Build.0 = Release|Any CPU
		{9320B84F-E95D-48D9-BE9E-4BE32DB98199}.Debug|Any CPU.ActiveCfg = Debug|Any CPU
		{9320B84F-E95D-48D9-BE9E-4BE32DB98199}.Debug|Any CPU.Build.0 = Debug|Any CPU
		{9320B84F-E95D-48D9-BE9E-4BE32DB98199}.Release|Any CPU.ActiveCfg = Release|Any CPU
		{9320B84F-E95D-48D9-BE9E-4BE32DB98199}.Release|Any CPU.Build.0 = Release|Any CPU
		{FC3F1741-4E17-4E3D-ADCC-D40D3E89F34D}.Debug|Any CPU.ActiveCfg = Debug|Any CPU
		{FC3F1741-4E17-4E3D-ADCC-D40D3E89F34D}.Debug|Any CPU.Build.0 = Debug|Any CPU
		{FC3F1741-4E17-4E3D-ADCC-D40D3E89F34D}.Release|Any CPU.ActiveCfg = Release|Any CPU
		{FC3F1741-4E17-4E3D-ADCC-D40D3E89F34D}.Release|Any CPU.Build.0 = Release|Any CPU
		{B0954B12-B22D-40F4-A4B1-B77EC12061FC}.Debug|Any CPU.ActiveCfg = Debug|Any CPU
		{B0954B12-B22D-40F4-A4B1-B77EC12061FC}.Debug|Any CPU.Build.0 = Debug|Any CPU
		{B0954B12-B22D-40F4-A4B1-B77EC12061FC}.Release|Any CPU.ActiveCfg = Release|Any CPU
		{B0954B12-B22D-40F4-A4B1-B77EC12061FC}.Release|Any CPU.Build.0 = Release|Any CPU
		{A5DFE682-EAEB-4FFA-815D-109F2172959F}.Debug|Any CPU.ActiveCfg = Debug|Any CPU
		{A5DFE682-EAEB-4FFA-815D-109F2172959F}.Debug|Any CPU.Build.0 = Debug|Any CPU
		{A5DFE682-EAEB-4FFA-815D-109F2172959F}.Release|Any CPU.ActiveCfg = Release|Any CPU
		{A5DFE682-EAEB-4FFA-815D-109F2172959F}.Release|Any CPU.Build.0 = Release|Any CPU
		{01DF46F2-F36C-47EE-9FB1-DA8C507D6A91}.Debug|Any CPU.ActiveCfg = Debug|Any CPU
		{01DF46F2-F36C-47EE-9FB1-DA8C507D6A91}.Debug|Any CPU.Build.0 = Debug|Any CPU
		{01DF46F2-F36C-47EE-9FB1-DA8C507D6A91}.Release|Any CPU.ActiveCfg = Release|Any CPU
		{01DF46F2-F36C-47EE-9FB1-DA8C507D6A91}.Release|Any CPU.Build.0 = Release|Any CPU
	EndGlobalSection
	GlobalSection(NestedProjects) = preSolution
		{EC34FCDA-8812-4DE8-A763-124BA3CA8653} = {89805F71-BDDF-4214-811A-1E24FBD68304}
		{C4F6A7C4-99E4-4EEB-BC72-1F9CB3ADC2BA} = {73A517B7-55C9-4055-9F6A-1A70754B55C3}
		{4889CEC8-5565-4607-9C79-ECCA6F3E75EF} = {73A517B7-55C9-4055-9F6A-1A70754B55C3}
		{77EAF7E5-B7B8-4906-9732-AB8551C0E0A2} = {6F9028A8-9B66-4E11-A138-4E949B57ADED}
		{363365B0-7AED-4096-AF88-252106AD21E1} = {6F9028A8-9B66-4E11-A138-4E949B57ADED}
		{75E11E20-E434-4C98-8F98-00469E387C81} = {6F9028A8-9B66-4E11-A138-4E949B57ADED}
		{8E9AB19B-1709-44EF-A194-5ACCFAA50813} = {75E11E20-E434-4C98-8F98-00469E387C81}
		{51E08514-A97D-4312-9C82-DB12A1E8A794} = {75E11E20-E434-4C98-8F98-00469E387C81}
		{77A4F9D6-1402-420E-98D7-2D1E6C843A42} = {75E11E20-E434-4C98-8F98-00469E387C81}
		{980D8A90-35FE-44AA-A274-AC39BE3E2807} = {75E11E20-E434-4C98-8F98-00469E387C81}
		{AEA47FE2-93D6-4A76-B662-614E391F8258} = {6F9028A8-9B66-4E11-A138-4E949B57ADED}
		{6EBC14EC-498A-4B92-A8CB-7C7A4106D105} = {AEA47FE2-93D6-4A76-B662-614E391F8258}
		{4F682324-6CF0-4047-9DB0-C03781F091D2} = {AEA47FE2-93D6-4A76-B662-614E391F8258}
		{BA01301B-AFAD-4B6D-8251-5D96D7E42D07} = {AEA47FE2-93D6-4A76-B662-614E391F8258}
		{BD30936B-868D-49FD-939A-37055D86CE01} = {77EAF7E5-B7B8-4906-9732-AB8551C0E0A2}
		{2D95B6C0-676C-4713-82D9-B3E78FBF7BD3} = {77EAF7E5-B7B8-4906-9732-AB8551C0E0A2}
		{6AE63EA6-8402-41D3-BD17-2AE09947BA42} = {77EAF7E5-B7B8-4906-9732-AB8551C0E0A2}
		{811F6029-04F0-42B5-B625-74ADB7F185D9} = {77EAF7E5-B7B8-4906-9732-AB8551C0E0A2}
		{9320B84F-E95D-48D9-BE9E-4BE32DB98199} = {AEA47FE2-93D6-4A76-B662-614E391F8258}
		{FC3F1741-4E17-4E3D-ADCC-D40D3E89F34D} = {363365B0-7AED-4096-AF88-252106AD21E1}
		{B0954B12-B22D-40F4-A4B1-B77EC12061FC} = {363365B0-7AED-4096-AF88-252106AD21E1}
		{A5DFE682-EAEB-4FFA-815D-109F2172959F} = {363365B0-7AED-4096-AF88-252106AD21E1}
		{01DF46F2-F36C-47EE-9FB1-DA8C507D6A91} = {363365B0-7AED-4096-AF88-252106AD21E1}
	EndGlobalSection
EndGlobal
